
Microsoft Visual Studio Solution File, Format Version 10.00
# Visual Studio 2008
Project("{FAE04EC0-301F-11D3-BF4B-00C04F79EFBC}") = "ImageServerOSM", "ImageServerOSM.csproj", "{45718AD6-153B-447D-A363-920367385EA7}"
EndProject
Project("{FAE04EC0-301F-11D3-BF4B-00C04F79EFBC}") = "ImageServerTMS", "..\ImageServerTMS\ImageServerTMS.csproj", "{4F8C9B5C-AFF3-48DA-A44E-CF5D1FF3C135}"
EndProject
Project("{FAE04EC0-301F-11D3-BF4B-00C04F79EFBC}") = "Tests", "..\Tests\Tests.csproj", "{2FB8F27E-D105-4D9F-99B8-08524C2ED63D}"
EndProject
Global
	GlobalSection(SolutionConfigurationPlatforms) = preSolution
		Debug|Any CPU = Debug|Any CPU
		Release|Any CPU = Release|Any CPU
	EndGlobalSection
	GlobalSection(ProjectConfigurationPlatforms) = postSolution
		{45718AD6-153B-447D-A363-920367385EA7}.Debug|Any CPU.ActiveCfg = Debug|Any CPU
		{45718AD6-153B-447D-A363-920367385EA7}.Debug|Any CPU.Build.0 = Debug|Any CPU
		{45718AD6-153B-447D-A363-920367385EA7}.Release|Any CPU.ActiveCfg = Release|Any CPU
		{45718AD6-153B-447D-A363-920367385EA7}.Release|Any CPU.Build.0 = Release|Any CPU
		{4F8C9B5C-AFF3-48DA-A44E-CF5D1FF3C135}.Debug|Any CPU.ActiveCfg = Debug|Any CPU
		{4F8C9B5C-AFF3-48DA-A44E-CF5D1FF3C135}.Debug|Any CPU.Build.0 = Debug|Any CPU
		{4F8C9B5C-AFF3-48DA-A44E-CF5D1FF3C135}.Release|Any CPU.ActiveCfg = Release|Any CPU
		{4F8C9B5C-AFF3-48DA-A44E-CF5D1FF3C135}.Release|Any CPU.Build.0 = Release|Any CPU
		{2FB8F27E-D105-4D9F-99B8-08524C2ED63D}.Debug|Any CPU.ActiveCfg = Debug|Any CPU
		{2FB8F27E-D105-4D9F-99B8-08524C2ED63D}.Debug|Any CPU.Build.0 = Debug|Any CPU
		{2FB8F27E-D105-4D9F-99B8-08524C2ED63D}.Release|Any CPU.ActiveCfg = Release|Any CPU
		{2FB8F27E-D105-4D9F-99B8-08524C2ED63D}.Release|Any CPU.Build.0 = Release|Any CPU
	EndGlobalSection
	GlobalSection(SolutionProperties) = preSolution
		HideSolutionNode = FALSE
	EndGlobalSection
EndGlobal
